{
  "lockfileVersion": 1,
  "configVersion": 1,
  "workspaces": {
    "": {
      "name": "@franlol/opencode-mdtf",
      "peerDependencies": {
        "@opencode-ai/plugin": ">=0.13.7",
      },
    },
  },
  "packages": {
    "@opencode-ai/plugin": ["@opencode-ai/plugin@1.0.132", "", { "dependencies": { "@opencode-ai/sdk": "1.0.132", "zod": "4.1.8" } }, "sha512-C1YzpGczWmefoHuedMrh4xCKUKPgP000n4Ant7GUUORk3OKHDVNW/V+6NPiH8T/kbsMN+D1tYs74NF6C2vQD2Q=="],

    "@opencode-ai/sdk": ["@opencode-ai/sdk@1.0.132", "", {}, "sha512-3A9XjPKnJmRnnu1E3QjI3p6cjtQhsCYdV/xuYOf6FrNSyMYMlGTVI5cXDB1e7flMJBiciBXt1ba9QFukG4+Lpg=="],

    "zod": ["zod@4.1.8", "", {}, "sha512-5R1P+WwQqmmMIEACyzSvo4JXHY5WiAFHRMg+zBZKgKS+Q1viRa0C1hmUKtHltoIFKtIdki3pRxkmpP74jnNYHQ=="],
  }
}
